// !$*UTF8*$!
{
	archiveVersion = 1;
	classes = {
	};
	objectVersion = 50;
	objects = {

/* Begin PBXBuildFile section */
		D80CEF08267AE714002F7092 /* SmallFeaturedCollectionViewCell.swift in Sources */ = {isa = PBXBuildFile; fileRef = D80CEF07267AE714002F7092 /* SmallFeaturedCollectionViewCell.swift */; };
		D80CEF0E267C4A54002F7092 /* CompositionalLayoutHelper.swift in Sources */ = {isa = PBXBuildFile; fileRef = D80CEF0D267C4A54002F7092 /* CompositionalLayoutHelper.swift */; };
		D82EA4BF2675E47E00B4EFE7 /* AppDelegate.swift in Sources */ = {isa = PBXBuildFile; fileRef = D82EA4BE2675E47E00B4EFE7 /* AppDelegate.swift */; };
		D82EA4C12675E47E00B4EFE7 /* SceneDelegate.swift in Sources */ = {isa = PBXBuildFile; fileRef = D82EA4C02675E47E00B4EFE7 /* SceneDelegate.swift */; };
		D82EA4C32675E47E00B4EFE7 /* AppsViewController.swift in Sources */ = {isa = PBXBuildFile; fileRef = D82EA4C22675E47E00B4EFE7 /* AppsViewController.swift */; };
		D82EA4C62675E47E00B4EFE7 /* Main.storyboard in Resources */ = {isa = PBXBuildFile; fileRef = D82EA4C42675E47E00B4EFE7 /* Main.storyboard */; };
		D82EA4C82675E47F00B4EFE7 /* Assets.xcassets in Resources */ = {isa = PBXBuildFile; fileRef = D82EA4C72675E47F00B4EFE7 /* Assets.xcassets */; };
		D82EA4CB2675E47F00B4EFE7 /* LaunchScreen.storyboard in Resources */ = {isa = PBXBuildFile; fileRef = D82EA4C92675E47F00B4EFE7 /* LaunchScreen.storyboard */; };
		D82EA4D62675E47F00B4EFE7 /* AppStore_DTests.swift in Sources */ = {isa = PBXBuildFile; fileRef = D82EA4D52675E47F00B4EFE7 /* AppStore_DTests.swift */; };
		D82EA4E12675E47F00B4EFE7 /* AppStore_DUITests.swift in Sources */ = {isa = PBXBuildFile; fileRef = D82EA4E02675E47F00B4EFE7 /* AppStore_DUITests.swift */; };
		D82EA4F926761F1B00B4EFE7 /* apps.json in Resources */ = {isa = PBXBuildFile; fileRef = D82EA4F826761F1B00B4EFE7 /* apps.json */; };
		D82EA4FE26761F5400B4EFE7 /* AppStoreModel.swift in Sources */ = {isa = PBXBuildFile; fileRef = D82EA4FD26761F5400B4EFE7 /* AppStoreModel.swift */; };
		D82EA516267627F900B4EFE7 /* AppStoreCellConfigurable.swift in Sources */ = {isa = PBXBuildFile; fileRef = D82EA515267627F900B4EFE7 /* AppStoreCellConfigurable.swift */; };
		D82EA51E267628DD00B4EFE7 /* FeaturedCollectionViewCell.swift in Sources */ = {isa = PBXBuildFile; fileRef = D82EA51D267628DD00B4EFE7 /* FeaturedCollectionViewCell.swift */; };
		D82EA52326766E7F00B4EFE7 /* GridLayoutCollectionViewCell.swift in Sources */ = {isa = PBXBuildFile; fileRef = D82EA52226766E7F00B4EFE7 /* GridLayoutCollectionViewCell.swift */; };
		D82EA5282677A69E00B4EFE7 /* SmallGridLayoutCollectionViewCell.swift in Sources */ = {isa = PBXBuildFile; fileRef = D82EA5272677A69E00B4EFE7 /* SmallGridLayoutCollectionViewCell.swift */; };
		D82EA52E2677C8CC00B4EFE7 /* CollectionViewSectionHeader.swift in Sources */ = {isa = PBXBuildFile; fileRef = D82EA52D2677C8CC00B4EFE7 /* CollectionViewSectionHeader.swift */; };
		D8558AD2267CCF6700A0B298 /* BaseAppsViewController.swift in Sources */ = {isa = PBXBuildFile; fileRef = D8558AD1267CCF6700A0B298 /* BaseAppsViewController.swift */; };
		D8558AD8267CCF9600A0B298 /* Constants.swift in Sources */ = {isa = PBXBuildFile; fileRef = D8558AD7267CCF9600A0B298 /* Constants.swift */; };
		D8558AE0267CF99B00A0B298 /* GamesViewController.swift in Sources */ = {isa = PBXBuildFile; fileRef = D8558ADF267CF99B00A0B298 /* GamesViewController.swift */; };
		D8558AE5267CFEAA00A0B298 /* games.json in Resources */ = {isa = PBXBuildFile; fileRef = D8558AE4267CFEAA00A0B298 /* games.json */; };
		D8B6527E268614F300A23956 /* TodayAppsCollectionReusableView.swift in Sources */ = {isa = PBXBuildFile; fileRef = D8B6527D268614F300A23956 /* TodayAppsCollectionReusableView.swift */; };
		D8B65283268656B500A23956 /* searchSuggestions.json in Resources */ = {isa = PBXBuildFile; fileRef = D8B65282268656B500A23956 /* searchSuggestions.json */; };
		D8C2FADC268184AE00EA88E8 /* ArcadeViewController.swift in Sources */ = {isa = PBXBuildFile; fileRef = D8C2FADB268184AE00EA88E8 /* ArcadeViewController.swift */; };
		D8C2FAE2268185BC00EA88E8 /* TodayAppsViewController.swift in Sources */ = {isa = PBXBuildFile; fileRef = D8C2FAE1268185BC00EA88E8 /* TodayAppsViewController.swift */; };
		D8C2FAE72681861100EA88E8 /* SearchAppViewController.swift in Sources */ = {isa = PBXBuildFile; fileRef = D8C2FAE62681861100EA88E8 /* SearchAppViewController.swift */; };
		D8C2FAEC2681894700EA88E8 /* TodaySpotlightCollectionViewCell.swift in Sources */ = {isa = PBXBuildFile; fileRef = D8C2FAEB2681894700EA88E8 /* TodaySpotlightCollectionViewCell.swift */; };
		D8C2FAF126818F7600EA88E8 /* TodaysApp.json in Resources */ = {isa = PBXBuildFile; fileRef = D8C2FAF026818F7600EA88E8 /* TodaysApp.json */; };
/* End PBXBuildFile section */

/* Begin PBXContainerItemProxy section */
		D82EA4D22675E47F00B4EFE7 /* PBXContainerItemProxy */ = {
			isa = PBXContainerItemProxy;
			containerPortal = D82EA4B32675E47E00B4EFE7 /* Project object */;
			proxyType = 1;
			remoteGlobalIDString = D82EA4BA2675E47E00B4EFE7;
			remoteInfo = "AppStore-D";
		};
		D82EA4DD2675E47F00B4EFE7 /* PBXContainerItemProxy */ = {
			isa = PBXContainerItemProxy;
			containerPortal = D82EA4B32675E47E00B4EFE7 /* Project object */;
			proxyType = 1;
			remoteGlobalIDString = D82EA4BA2675E47E00B4EFE7;
			remoteInfo = "AppStore-D";
		};
/* End PBXContainerItemProxy section */

/* Begin PBXFileReference section */
		D80CEF07267AE714002F7092 /* SmallFeaturedCollectionViewCell.swift */ = {isa = PBXFileReference; lastKnownFileType = sourcecode.swift; path = SmallFeaturedCollectionViewCell.swift; sourceTree = "<group>"; };
		D80CEF0D267C4A54002F7092 /* CompositionalLayoutHelper.swift */ = {isa = PBXFileReference; lastKnownFileType = sourcecode.swift; path = CompositionalLayoutHelper.swift; sourceTree = "<group>"; };
		D82EA4BB2675E47E00B4EFE7 /* AppStore-D.app */ = {isa = PBXFileReference; explicitFileType = wrapper.application; includeInIndex = 0; path = "AppStore-D.app"; sourceTree = BUILT_PRODUCTS_DIR; };
		D82EA4BE2675E47E00B4EFE7 /* AppDelegate.swift */ = {isa = PBXFileReference; lastKnownFileType = sourcecode.swift; path = AppDelegate.swift; sourceTree = "<group>"; };
		D82EA4C02675E47E00B4EFE7 /* SceneDelegate.swift */ = {isa = PBXFileReference; lastKnownFileType = sourcecode.swift; path = SceneDelegate.swift; sourceTree = "<group>"; };
		D82EA4C22675E47E00B4EFE7 /* AppsViewController.swift */ = {isa = PBXFileReference; lastKnownFileType = sourcecode.swift; path = AppsViewController.swift; sourceTree = "<group>"; };
		D82EA4C52675E47E00B4EFE7 /* Base */ = {isa = PBXFileReference; lastKnownFileType = file.storyboard; name = Base; path = Base.lproj/Main.storyboard; sourceTree = "<group>"; };
		D82EA4C72675E47F00B4EFE7 /* Assets.xcassets */ = {isa = PBXFileReference; lastKnownFileType = folder.assetcatalog; path = Assets.xcassets; sourceTree = "<group>"; };
		D82EA4CA2675E47F00B4EFE7 /* Base */ = {isa = PBXFileReference; lastKnownFileType = file.storyboard; name = Base; path = Base.lproj/LaunchScreen.storyboard; sourceTree = "<group>"; };
		D82EA4CC2675E47F00B4EFE7 /* Info.plist */ = {isa = PBXFileReference; lastKnownFileType = text.plist.xml; path = Info.plist; sourceTree = "<group>"; };
		D82EA4D12675E47F00B4EFE7 /* AppStore-DTests.xctest */ = {isa = PBXFileReference; explicitFileType = wrapper.cfbundle; includeInIndex = 0; path = "AppStore-DTests.xctest"; sourceTree = BUILT_PRODUCTS_DIR; };
		D82EA4D52675E47F00B4EFE7 /* AppStore_DTests.swift */ = {isa = PBXFileReference; lastKnownFileType = sourcecode.swift; path = AppStore_DTests.swift; sourceTree = "<group>"; };
		D82EA4D72675E47F00B4EFE7 /* Info.plist */ = {isa = PBXFileReference; lastKnownFileType = text.plist.xml; path = Info.plist; sourceTree = "<group>"; };
		D82EA4DC2675E47F00B4EFE7 /* AppStore-DUITests.xctest */ = {isa = PBXFileReference; explicitFileType = wrapper.cfbundle; includeInIndex = 0; path = "AppStore-DUITests.xctest"; sourceTree = BUILT_PRODUCTS_DIR; };
		D82EA4E02675E47F00B4EFE7 /* AppStore_DUITests.swift */ = {isa = PBXFileReference; lastKnownFileType = sourcecode.swift; path = AppStore_DUITests.swift; sourceTree = "<group>"; };
		D82EA4E22675E47F00B4EFE7 /* Info.plist */ = {isa = PBXFileReference; lastKnownFileType = text.plist.xml; path = Info.plist; sourceTree = "<group>"; };
		D82EA4F826761F1B00B4EFE7 /* apps.json */ = {isa = PBXFileReference; fileEncoding = 4; lastKnownFileType = text.json; path = apps.json; sourceTree = "<group>"; };
		D82EA4FD26761F5400B4EFE7 /* AppStoreModel.swift */ = {isa = PBXFileReference; lastKnownFileType = sourcecode.swift; path = AppStoreModel.swift; sourceTree = "<group>"; };
		D82EA515267627F900B4EFE7 /* AppStoreCellConfigurable.swift */ = {isa = PBXFileReference; lastKnownFileType = sourcecode.swift; path = AppStoreCellConfigurable.swift; sourceTree = "<group>"; };
		D82EA51D267628DD00B4EFE7 /* FeaturedCollectionViewCell.swift */ = {isa = PBXFileReference; lastKnownFileType = sourcecode.swift; path = FeaturedCollectionViewCell.swift; sourceTree = "<group>"; };
		D82EA52226766E7F00B4EFE7 /* GridLayoutCollectionViewCell.swift */ = {isa = PBXFileReference; lastKnownFileType = sourcecode.swift; path = GridLayoutCollectionViewCell.swift; sourceTree = "<group>"; };
		D82EA5272677A69E00B4EFE7 /* SmallGridLayoutCollectionViewCell.swift */ = {isa = PBXFileReference; lastKnownFileType = sourcecode.swift; path = SmallGridLayoutCollectionViewCell.swift; sourceTree = "<group>"; };
		D82EA52D2677C8CC00B4EFE7 /* CollectionViewSectionHeader.swift */ = {isa = PBXFileReference; lastKnownFileType = sourcecode.swift; path = CollectionViewSectionHeader.swift; sourceTree = "<group>"; };
		D8558AD1267CCF6700A0B298 /* BaseAppsViewController.swift */ = {isa = PBXFileReference; lastKnownFileType = sourcecode.swift; path = BaseAppsViewController.swift; sourceTree = "<group>"; };
		D8558AD7267CCF9600A0B298 /* Constants.swift */ = {isa = PBXFileReference; lastKnownFileType = sourcecode.swift; path = Constants.swift; sourceTree = "<group>"; };
		D8558ADF267CF99B00A0B298 /* GamesViewController.swift */ = {isa = PBXFileReference; lastKnownFileType = sourcecode.swift; path = GamesViewController.swift; sourceTree = "<group>"; };
		D8558AE4267CFEAA00A0B298 /* games.json */ = {isa = PBXFileReference; fileEncoding = 4; lastKnownFileType = text.json; path = games.json; sourceTree = "<group>"; };
		D8B6527D268614F300A23956 /* TodayAppsCollectionReusableView.swift */ = {isa = PBXFileReference; lastKnownFileType = sourcecode.swift; path = TodayAppsCollectionReusableView.swift; sourceTree = "<group>"; };
		D8B65282268656B500A23956 /* searchSuggestions.json */ = {isa = PBXFileReference; fileEncoding = 4; lastKnownFileType = text.json; path = searchSuggestions.json; sourceTree = "<group>"; };
		D8C2FADB268184AE00EA88E8 /* ArcadeViewController.swift */ = {isa = PBXFileReference; lastKnownFileType = sourcecode.swift; path = ArcadeViewController.swift; sourceTree = "<group>"; };
		D8C2FAE1268185BC00EA88E8 /* TodayAppsViewController.swift */ = {isa = PBXFileReference; lastKnownFileType = sourcecode.swift; path = TodayAppsViewController.swift; sourceTree = "<group>"; };
		D8C2FAE62681861100EA88E8 /* SearchAppViewController.swift */ = {isa = PBXFileReference; lastKnownFileType = sourcecode.swift; path = SearchAppViewController.swift; sourceTree = "<group>"; };
		D8C2FAEB2681894700EA88E8 /* TodaySpotlightCollectionViewCell.swift */ = {isa = PBXFileReference; lastKnownFileType = sourcecode.swift; path = TodaySpotlightCollectionViewCell.swift; sourceTree = "<group>"; };
		D8C2FAF026818F7600EA88E8 /* TodaysApp.json */ = {isa = PBXFileReference; fileEncoding = 4; lastKnownFileType = text.json; path = TodaysApp.json; sourceTree = "<group>"; };
/* End PBXFileReference section */

/* Begin PBXFrameworksBuildPhase section */
		D82EA4B82675E47E00B4EFE7 /* Frameworks */ = {
			isa = PBXFrameworksBuildPhase;
			buildActionMask = 2147483647;
			files = (
			);
			runOnlyForDeploymentPostprocessing = 0;
		};
		D82EA4CE2675E47F00B4EFE7 /* Frameworks */ = {
			isa = PBXFrameworksBuildPhase;
			buildActionMask = 2147483647;
			files = (
			);
			runOnlyForDeploymentPostprocessing = 0;
		};
		D82EA4D92675E47F00B4EFE7 /* Frameworks */ = {
			isa = PBXFrameworksBuildPhase;
			buildActionMask = 2147483647;
			files = (
			);
			runOnlyForDeploymentPostprocessing = 0;
		};
/* End PBXFrameworksBuildPhase section */

/* Begin PBXGroup section */
		D80CEF0C267C4A15002F7092 /* Utils */ = {
			isa = PBXGroup;
			children = (
				D80CEF0D267C4A54002F7092 /* CompositionalLayoutHelper.swift */,
				D8558AD7267CCF9600A0B298 /* Constants.swift */,
			);
			path = Utils;
			sourceTree = "<group>";
		};
		D82EA4B22675E47E00B4EFE7 = {
			isa = PBXGroup;
			children = (
				D82EA4BD2675E47E00B4EFE7 /* AppStore-D */,
				D82EA4D42675E47F00B4EFE7 /* AppStore-DTests */,
				D82EA4DF2675E47F00B4EFE7 /* AppStore-DUITests */,
				D82EA4BC2675E47E00B4EFE7 /* Products */,
			);
			sourceTree = "<group>";
		};
		D82EA4BC2675E47E00B4EFE7 /* Products */ = {
			isa = PBXGroup;
			children = (
				D82EA4BB2675E47E00B4EFE7 /* AppStore-D.app */,
				D82EA4D12675E47F00B4EFE7 /* AppStore-DTests.xctest */,
				D82EA4DC2675E47F00B4EFE7 /* AppStore-DUITests.xctest */,
			);
			name = Products;
			sourceTree = "<group>";
		};
		D82EA4BD2675E47E00B4EFE7 /* AppStore-D */ = {
			isa = PBXGroup;
			children = (
				D82EA4F126761CC300B4EFE7 /* App Delegate */,
				D80CEF0C267C4A15002F7092 /* Utils */,
				D82EA4F226761CCF00B4EFE7 /* Controlls */,
				D82EA4F326761CFC00B4EFE7 /* Storyboards */,
				D82EA4C72675E47F00B4EFE7 /* Assets.xcassets */,
				D8C2FAF026818F7600EA88E8 /* TodaysApp.json */,
				D8558AE4267CFEAA00A0B298 /* games.json */,
				D8B65282268656B500A23956 /* searchSuggestions.json */,
				D82EA4F826761F1B00B4EFE7 /* apps.json */,
				D82EA4CC2675E47F00B4EFE7 /* Info.plist */,
			);
			path = "AppStore-D";
			sourceTree = "<group>";
		};
		D82EA4D42675E47F00B4EFE7 /* AppStore-DTests */ = {
			isa = PBXGroup;
			children = (
				D82EA4D52675E47F00B4EFE7 /* AppStore_DTests.swift */,
				D82EA4D72675E47F00B4EFE7 /* Info.plist */,
			);
			path = "AppStore-DTests";
			sourceTree = "<group>";
		};
		D82EA4DF2675E47F00B4EFE7 /* AppStore-DUITests */ = {
			isa = PBXGroup;
			children = (
				D82EA4E02675E47F00B4EFE7 /* AppStore_DUITests.swift */,
				D82EA4E22675E47F00B4EFE7 /* Info.plist */,
			);
			path = "AppStore-DUITests";
			sourceTree = "<group>";
		};
		D82EA4F126761CC300B4EFE7 /* App Delegate */ = {
			isa = PBXGroup;
			children = (
				D82EA4BE2675E47E00B4EFE7 /* AppDelegate.swift */,
				D82EA4C02675E47E00B4EFE7 /* SceneDelegate.swift */,
			);
			path = "App Delegate";
			sourceTree = "<group>";
		};
		D82EA4F226761CCF00B4EFE7 /* Controlls */ = {
			isa = PBXGroup;
			children = (
				D82EA4F726761E2000B4EFE7 /* Model */,
				D82EA4F626761E1800B4EFE7 /* View */,
				D82EA4F526761E0500B4EFE7 /* ViewModel */,
				D82EA50226761F6600B4EFE7 /* Controllers */,
			);
			path = Controlls;
			sourceTree = "<group>";
		};
		D82EA4F326761CFC00B4EFE7 /* Storyboards */ = {
			isa = PBXGroup;
			children = (
				D82EA4C92675E47F00B4EFE7 /* LaunchScreen.storyboard */,
				D82EA4C42675E47E00B4EFE7 /* Main.storyboard */,
			);
			path = Storyboards;
			sourceTree = "<group>";
		};
		D82EA4F526761E0500B4EFE7 /* ViewModel */ = {
			isa = PBXGroup;
			children = (
				D82EA515267627F900B4EFE7 /* AppStoreCellConfigurable.swift */,
			);
			path = ViewModel;
			sourceTree = "<group>";
		};
		D82EA4F626761E1800B4EFE7 /* View */ = {
			isa = PBXGroup;
			children = (
				D82EA52C2677C84200B4EFE7 /* CollectionViewSectionHeader */,
				D82EA5092676274A00B4EFE7 /* CollectionViewCell */,
			);
			path = View;
			sourceTree = "<group>";
		};
		D82EA4F726761E2000B4EFE7 /* Model */ = {
			isa = PBXGroup;
			children = (
				D82EA4FD26761F5400B4EFE7 /* AppStoreModel.swift */,
			);
			path = Model;
			sourceTree = "<group>";
		};
		D82EA50226761F6600B4EFE7 /* Controllers */ = {
			isa = PBXGroup;
			children = (
				D82EA4C22675E47E00B4EFE7 /* AppsViewController.swift */,
				D8558AD1267CCF6700A0B298 /* BaseAppsViewController.swift */,
				D8558ADF267CF99B00A0B298 /* GamesViewController.swift */,
				D8C2FADB268184AE00EA88E8 /* ArcadeViewController.swift */,
				D8C2FAE1268185BC00EA88E8 /* TodayAppsViewController.swift */,
				D8C2FAE62681861100EA88E8 /* SearchAppViewController.swift */,
			);
			path = Controllers;
			sourceTree = "<group>";
		};
		D82EA5092676274A00B4EFE7 /* CollectionViewCell */ = {
			isa = PBXGroup;
			children = (
				D82EA51D267628DD00B4EFE7 /* FeaturedCollectionViewCell.swift */,
				D82EA52226766E7F00B4EFE7 /* GridLayoutCollectionViewCell.swift */,
				D82EA5272677A69E00B4EFE7 /* SmallGridLayoutCollectionViewCell.swift */,
				D80CEF07267AE714002F7092 /* SmallFeaturedCollectionViewCell.swift */,
				D8C2FAEB2681894700EA88E8 /* TodaySpotlightCollectionViewCell.swift */,
			);
			path = CollectionViewCell;
			sourceTree = "<group>";
		};
		D82EA52C2677C84200B4EFE7 /* CollectionViewSectionHeader */ = {
			isa = PBXGroup;
			children = (
				D82EA52D2677C8CC00B4EFE7 /* CollectionViewSectionHeader.swift */,
				D8B6527D268614F300A23956 /* TodayAppsCollectionReusableView.swift */,
			);
			path = CollectionViewSectionHeader;
			sourceTree = "<group>";
		};
/* End PBXGroup section */

/* Begin PBXNativeTarget section */
		D82EA4BA2675E47E00B4EFE7 /* AppStore-D */ = {
			isa = PBXNativeTarget;
			buildConfigurationList = D82EA4E52675E47F00B4EFE7 /* Build configuration list for PBXNativeTarget "AppStore-D" */;
			buildPhases = (
				D82EA4B72675E47E00B4EFE7 /* Sources */,
				D82EA4B82675E47E00B4EFE7 /* Frameworks */,
				D82EA4B92675E47E00B4EFE7 /* Resources */,
			);
			buildRules = (
			);
			dependencies = (
			);
			name = "AppStore-D";
			productName = "AppStore-D";
			productReference = D82EA4BB2675E47E00B4EFE7 /* AppStore-D.app */;
			productType = "com.apple.product-type.application";
		};
		D82EA4D02675E47F00B4EFE7 /* AppStore-DTests */ = {
			isa = PBXNativeTarget;
			buildConfigurationList = D82EA4E82675E47F00B4EFE7 /* Build configuration list for PBXNativeTarget "AppStore-DTests" */;
			buildPhases = (
				D82EA4CD2675E47F00B4EFE7 /* Sources */,
				D82EA4CE2675E47F00B4EFE7 /* Frameworks */,
				D82EA4CF2675E47F00B4EFE7 /* Resources */,
			);
			buildRules = (
			);
			dependencies = (
				D82EA4D32675E47F00B4EFE7 /* PBXTargetDependency */,
			);
			name = "AppStore-DTests";
			productName = "AppStore-DTests";
			productReference = D82EA4D12675E47F00B4EFE7 /* AppStore-DTests.xctest */;
			productType = "com.apple.product-type.bundle.unit-test";
		};
		D82EA4DB2675E47F00B4EFE7 /* AppStore-DUITests */ = {
			isa = PBXNativeTarget;
			buildConfigurationList = D82EA4EB2675E47F00B4EFE7 /* Build configuration list for PBXNativeTarget "AppStore-DUITests" */;
			buildPhases = (
				D82EA4D82675E47F00B4EFE7 /* Sources */,
				D82EA4D92675E47F00B4EFE7 /* Frameworks */,
				D82EA4DA2675E47F00B4EFE7 /* Resources */,
			);
			buildRules = (
			);
			dependencies = (
				D82EA4DE2675E47F00B4EFE7 /* PBXTargetDependency */,
			);
			name = "AppStore-DUITests";
			productName = "AppStore-DUITests";
			productReference = D82EA4DC2675E47F00B4EFE7 /* AppStore-DUITests.xctest */;
			productType = "com.apple.product-type.bundle.ui-testing";
		};
/* End PBXNativeTarget section */

/* Begin PBXProject section */
		D82EA4B32675E47E00B4EFE7 /* Project object */ = {
			isa = PBXProject;
			attributes = {
				LastSwiftUpdateCheck = 1240;
				LastUpgradeCheck = 1240;
				TargetAttributes = {
					D82EA4BA2675E47E00B4EFE7 = {
						CreatedOnToolsVersion = 12.4;
					};
					D82EA4D02675E47F00B4EFE7 = {
						CreatedOnToolsVersion = 12.4;
						TestTargetID = D82EA4BA2675E47E00B4EFE7;
					};
					D82EA4DB2675E47F00B4EFE7 = {
						CreatedOnToolsVersion = 12.4;
						TestTargetID = D82EA4BA2675E47E00B4EFE7;
					};
				};
			};
			buildConfigurationList = D82EA4B62675E47E00B4EFE7 /* Build configuration list for PBXProject "AppStore-D" */;
			compatibilityVersion = "Xcode 9.3";
			developmentRegion = en;
			hasScannedForEncodings = 0;
			knownRegions = (
				en,
				Base,
			);
			mainGroup = D82EA4B22675E47E00B4EFE7;
			productRefGroup = D82EA4BC2675E47E00B4EFE7 /* Products */;
			projectDirPath = "";
			projectRoot = "";
			targets = (
				D82EA4BA2675E47E00B4EFE7 /* AppStore-D */,
				D82EA4D02675E47F00B4EFE7 /* AppStore-DTests */,
				D82EA4DB2675E47F00B4EFE7 /* AppStore-DUITests */,
			);
		};
/* End PBXProject section */

/* Begin PBXResourcesBuildPhase section */
		D82EA4B92675E47E00B4EFE7 /* Resources */ = {
			isa = PBXResourcesBuildPhase;
			buildActionMask = 2147483647;
			files = (
				D82EA4CB2675E47F00B4EFE7 /* LaunchScreen.storyboard in Resources */,
				D82EA4C82675E47F00B4EFE7 /* Assets.xcassets in Resources */,
				D8558AE5267CFEAA00A0B298 /* games.json in Resources */,
				D82EA4C62675E47E00B4EFE7 /* Main.storyboard in Resources */,
				D8B65283268656B500A23956 /* searchSuggestions.json in Resources */,
				D82EA4F926761F1B00B4EFE7 /* apps.json in Resources */,
				D8C2FAF126818F7600EA88E8 /* TodaysApp.json in Resources */,
			);
			runOnlyForDeploymentPostprocessing = 0;
		};
		D82EA4CF2675E47F00B4EFE7 /* Resources */ = {
			isa = PBXResourcesBuildPhase;
			buildActionMask = 2147483647;
			files = (
			);
			runOnlyForDeploymentPostprocessing = 0;
		};
		D82EA4DA2675E47F00B4EFE7 /* Resources */ = {
			isa = PBXResourcesBuildPhase;
			buildActionMask = 2147483647;
			files = (
			);
			runOnlyForDeploymentPostprocessing = 0;
		};
/* End PBXResourcesBuildPhase section */

/* Begin PBXSourcesBuildPhase section */
		D82EA4B72675E47E00B4EFE7 /* Sources */ = {
			isa = PBXSourcesBuildPhase;
			buildActionMask = 2147483647;
			files = (
				D8558AE0267CF99B00A0B298 /* GamesViewController.swift in Sources */,
				D82EA4C32675E47E00B4EFE7 /* AppsViewController.swift in Sources */,
				D8C2FADC268184AE00EA88E8 /* ArcadeViewController.swift in Sources */,
				D82EA52326766E7F00B4EFE7 /* GridLayoutCollectionViewCell.swift in Sources */,
				D82EA4FE26761F5400B4EFE7 /* AppStoreModel.swift in Sources */,
				D82EA51E267628DD00B4EFE7 /* FeaturedCollectionViewCell.swift in Sources */,
				D8558AD2267CCF6700A0B298 /* BaseAppsViewController.swift in Sources */,
				D80CEF08267AE714002F7092 /* SmallFeaturedCollectionViewCell.swift in Sources */,
				D82EA4BF2675E47E00B4EFE7 /* AppDelegate.swift in Sources */,
				D8558AD8267CCF9600A0B298 /* Constants.swift in Sources */,
				D82EA516267627F900B4EFE7 /* AppStoreCellConfigurable.swift in Sources */,
				D8B6527E268614F300A23956 /* TodayAppsCollectionReusableView.swift in Sources */,
				D8C2FAE72681861100EA88E8 /* SearchAppViewController.swift in Sources */,
				D82EA5282677A69E00B4EFE7 /* SmallGridLayoutCollectionViewCell.swift in Sources */,
				D8C2FAE2268185BC00EA88E8 /* TodayAppsViewController.swift in Sources */,
				D82EA4C12675E47E00B4EFE7 /* SceneDelegate.swift in Sources */,
				D82EA52E2677C8CC00B4EFE7 /* CollectionViewSectionHeader.swift in Sources */,
				D80CEF0E267C4A54002F7092 /* CompositionalLayoutHelper.swift in Sources */,
				D8C2FAEC2681894700EA88E8 /* TodaySpotlightCollectionViewCell.swift in Sources */,
			);
			runOnlyForDeploymentPostprocessing = 0;
		};
		D82EA4CD2675E47F00B4EFE7 /* Sources */ = {
			isa = PBXSourcesBuildPhase;
			buildActionMask = 2147483647;
			files = (
				D82EA4D62675E47F00B4EFE7 /* AppStore_DTests.swift in Sources */,
			);
			runOnlyForDeploymentPostprocessing = 0;
		};
		D82EA4D82675E47F00B4EFE7 /* Sources */ = {
			isa = PBXSourcesBuildPhase;
			buildActionMask = 2147483647;
			files = (
				D82EA4E12675E47F00B4EFE7 /* AppStore_DUITests.swift in Sources */,
			);
			runOnlyForDeploymentPostprocessing = 0;
		};
/* End PBXSourcesBuildPhase section */

/* Begin PBXTargetDependency section */
		D82EA4D32675E47F00B4EFE7 /* PBXTargetDependency */ = {
			isa = PBXTargetDependency;
			target = D82EA4BA2675E47E00B4EFE7 /* AppStore-D */;
			targetProxy = D82EA4D22675E47F00B4EFE7 /* PBXContainerItemProxy */;
		};
		D82EA4DE2675E47F00B4EFE7 /* PBXTargetDependency */ = {
			isa = PBXTargetDependency;
			target = D82EA4BA2675E47E00B4EFE7 /* AppStore-D */;
			targetProxy = D82EA4DD2675E47F00B4EFE7 /* PBXContainerItemProxy */;
		};
/* End PBXTargetDependency section */

/* Begin PBXVariantGroup section */
		D82EA4C42675E47E00B4EFE7 /* Main.storyboard */ = {
			isa = PBXVariantGroup;
			children = (
				D82EA4C52675E47E00B4EFE7 /* Base */,
			);
			name = Main.storyboard;
			sourceTree = "<group>";
		};
		D82EA4C92675E47F00B4EFE7 /* LaunchScreen.storyboard */ = {
			isa = PBXVariantGroup;
			children = (
				D82EA4CA2675E47F00B4EFE7 /* Base */,
			);
			name = LaunchScreen.storyboard;
			sourceTree = "<group>";
		};
/* End PBXVariantGroup section */

/* Begin XCBuildConfiguration section */
		D82EA4E32675E47F00B4EFE7 /* Debug */ = {
			isa = XCBuildConfiguration;
			buildSettings = {
				ALWAYS_SEARCH_USER_PATHS = NO;
				CLANG_ANALYZER_NONNULL = YES;
				CLANG_ANALYZER_NUMBER_OBJECT_CONVERSION = YES_AGGRESSIVE;
				CLANG_CXX_LANGUAGE_STANDARD = "gnu++14";
				CLANG_CXX_LIBRARY = "libc++";
				CLANG_ENABLE_MODULES = YES;
				CLANG_ENABLE_OBJC_ARC = YES;
				CLANG_ENABLE_OBJC_WEAK = YES;
				CLANG_WARN_BLOCK_CAPTURE_AUTORELEASING = YES;
				CLANG_WARN_BOOL_CONVERSION = YES;
				CLANG_WARN_COMMA = YES;
				CLANG_WARN_CONSTANT_CONVERSION = YES;
				CLANG_WARN_DEPRECATED_OBJC_IMPLEMENTATIONS = YES;
				CLANG_WARN_DIRECT_OBJC_ISA_USAGE = YES_ERROR;
				CLANG_WARN_DOCUMENTATION_COMMENTS = YES;
				CLANG_WARN_EMPTY_BODY = YES;
				CLANG_WARN_ENUM_CONVERSION = YES;
				CLANG_WARN_INFINITE_RECURSION = YES;
				CLANG_WARN_INT_CONVERSION = YES;
				CLANG_WARN_NON_LITERAL_NULL_CONVERSION = YES;
				CLANG_WARN_OBJC_IMPLICIT_RETAIN_SELF = YES;
				CLANG_WARN_OBJC_LITERAL_CONVERSION = YES;
				CLANG_WARN_OBJC_ROOT_CLASS = YES_ERROR;
				CLANG_WARN_QUOTED_INCLUDE_IN_FRAMEWORK_HEADER = YES;
				CLANG_WARN_RANGE_LOOP_ANALYSIS = YES;
				CLANG_WARN_STRICT_PROTOTYPES = YES;
				CLANG_WARN_SUSPICIOUS_MOVE = YES;
				CLANG_WARN_UNGUARDED_AVAILABILITY = YES_AGGRESSIVE;
				CLANG_WARN_UNREACHABLE_CODE = YES;
				CLANG_WARN__DUPLICATE_METHOD_MATCH = YES;
				COPY_PHASE_STRIP = NO;
				DEBUG_INFORMATION_FORMAT = dwarf;
				ENABLE_STRICT_OBJC_MSGSEND = YES;
				ENABLE_TESTABILITY = YES;
				GCC_C_LANGUAGE_STANDARD = gnu11;
				GCC_DYNAMIC_NO_PIC = NO;
				GCC_NO_COMMON_BLOCKS = YES;
				GCC_OPTIMIZATION_LEVEL = 0;
				GCC_PREPROCESSOR_DEFINITIONS = (
					"DEBUG=1",
					"$(inherited)",
				);
				GCC_WARN_64_TO_32_BIT_CONVERSION = YES;
				GCC_WARN_ABOUT_RETURN_TYPE = YES_ERROR;
				GCC_WARN_UNDECLARED_SELECTOR = YES;
				GCC_WARN_UNINITIALIZED_AUTOS = YES_AGGRESSIVE;
				GCC_WARN_UNUSED_FUNCTION = YES;
				GCC_WARN_UNUSED_VARIABLE = YES;
				IPHONEOS_DEPLOYMENT_TARGET = 14.4;
				MTL_ENABLE_DEBUG_INFO = INCLUDE_SOURCE;
				MTL_FAST_MATH = YES;
				ONLY_ACTIVE_ARCH = YES;
				SDKROOT = iphoneos;
				SWIFT_ACTIVE_COMPILATION_CONDITIONS = DEBUG;
				SWIFT_OPTIMIZATION_LEVEL = "-Onone";
			};
			name = Debug;
		};
		D82EA4E42675E47F00B4EFE7 /* Release */ = {
			isa = XCBuildConfiguration;
			buildSettings = {
				ALWAYS_SEARCH_USER_PATHS = NO;
				CLANG_ANALYZER_NONNULL = YES;
				CLANG_ANALYZER_NUMBER_OBJECT_CONVERSION = YES_AGGRESSIVE;
				CLANG_CXX_LANGUAGE_STANDARD = "gnu++14";
				CLANG_CXX_LIBRARY = "libc++";
				CLANG_ENABLE_MODULES = YES;
				CLANG_ENABLE_OBJC_ARC = YES;
				CLANG_ENABLE_OBJC_WEAK = YES;
				CLANG_WARN_BLOCK_CAPTURE_AUTORELEASING = YES;
				CLANG_WARN_BOOL_CONVERSION = YES;
				CLANG_WARN_COMMA = YES;
				CLANG_WARN_CONSTANT_CONVERSION = YES;
				CLANG_WARN_DEPRECATED_OBJC_IMPLEMENTATIONS = YES;
				CLANG_WARN_DIRECT_OBJC_ISA_USAGE = YES_ERROR;
				CLANG_WARN_DOCUMENTATION_COMMENTS = YES;
				CLANG_WARN_EMPTY_BODY = YES;
				CLANG_WARN_ENUM_CONVERSION = YES;
				CLANG_WARN_INFINITE_RECURSION = YES;
				CLANG_WARN_INT_CONVERSION = YES;
				CLANG_WARN_NON_LITERAL_NULL_CONVERSION = YES;
				CLANG_WARN_OBJC_IMPLICIT_RETAIN_SELF = YES;
				CLANG_WARN_OBJC_LITERAL_CONVERSION = YES;
				CLANG_WARN_OBJC_ROOT_CLASS = YES_ERROR;
				CLANG_WARN_QUOTED_INCLUDE_IN_FRAMEWORK_HEADER = YES;
				CLANG_WARN_RANGE_LOOP_ANALYSIS = YES;
				CLANG_WARN_STRICT_PROTOTYPES = YES;
				CLANG_WARN_SUSPICIOUS_MOVE = YES;
				CLANG_WARN_UNGUARDED_AVAILABILITY = YES_AGGRESSIVE;
				CLANG_WARN_UNREACHABLE_CODE = YES;
				CLANG_WARN__DUPLICATE_METHOD_MATCH = YES;
				COPY_PHASE_STRIP = NO;
				DEBUG_INFORMATION_FORMAT = "dwarf-with-dsym";
				ENABLE_NS_ASSERTIONS = NO;
				ENABLE_STRICT_OBJC_MSGSEND = YES;
				GCC_C_LANGUAGE_STANDARD = gnu11;
				GCC_NO_COMMON_BLOCKS = YES;
				GCC_WARN_64_TO_32_BIT_CONVERSION = YES;
				GCC_WARN_ABOUT_RETURN_TYPE = YES_ERROR;
				GCC_WARN_UNDECLARED_SELECTOR = YES;
				GCC_WARN_UNINITIALIZED_AUTOS = YES_AGGRESSIVE;
				GCC_WARN_UNUSED_FUNCTION = YES;
				GCC_WARN_UNUSED_VARIABLE = YES;
				IPHONEOS_DEPLOYMENT_TARGET = 14.4;
				MTL_ENABLE_DEBUG_INFO = NO;
				MTL_FAST_MATH = YES;
				SDKROOT = iphoneos;
				SWIFT_COMPILATION_MODE = wholemodule;
				SWIFT_OPTIMIZATION_LEVEL = "-O";
				VALIDATE_PRODUCT = YES;
			};
			name = Release;
		};
		D82EA4E62675E47F00B4EFE7 /* Debug */ = {
			isa = XCBuildConfiguration;
			buildSettings = {
				ASSETCATALOG_COMPILER_APPICON_NAME = AppIcon;
				ASSETCATALOG_COMPILER_GLOBAL_ACCENT_COLOR_NAME = AccentColor;
				CODE_SIGN_STYLE = Automatic;
				DEVELOPMENT_TEAM = F4U93B78D3;
				INFOPLIST_FILE = "AppStore-D/Info.plist";
				LD_RUNPATH_SEARCH_PATHS = (
					"$(inherited)",
					"@executable_path/Frameworks",
				);
				PRODUCT_BUNDLE_IDENTIFIER = "surya.AppStore-D";
				PRODUCT_NAME = "$(TARGET_NAME)";
				SWIFT_VERSION = 5.0;
				TARGETED_DEVICE_FAMILY = "1,2";
			};
			name = Debug;
		};
		D82EA4E72675E47F00B4EFE7 /* Release */ = {
			isa = XCBuildConfiguration;
			buildSettings = {
				ASSETCATALOG_COMPILER_APPICON_NAME = AppIcon;
				ASSETCATALOG_COMPILER_GLOBAL_ACCENT_COLOR_NAME = AccentColor;
				CODE_SIGN_STYLE = Automatic;
				DEVELOPMENT_TEAM = F4U93B78D3;
				INFOPLIST_FILE = "AppStore-D/Info.plist";
				LD_RUNPATH_SEARCH_PATHS = (
					"$(inherited)",
					"@executable_path/Frameworks",
				);
				PRODUCT_BUNDLE_IDENTIFIER = "surya.AppStore-D";
				PRODUCT_NAME = "$(TARGET_NAME)";
				SWIFT_VERSION = 5.0;
				TARGETED_DEVICE_FAMILY = "1,2";
			};
			name = Release;
		};
		D82EA4E92675E47F00B4EFE7 /* Debug */ = {
			isa = XCBuildConfiguration;
			buildSettings = {
				ALWAYS_EMBED_SWIFT_STANDARD_LIBRARIES = YES;
				BUNDLE_LOADER = "$(TEST_HOST)";
				CODE_SIGN_STYLE = Automatic;
				DEVELOPMENT_TEAM = F4U93B78D3;
				INFOPLIST_FILE = "AppStore-DTests/Info.plist";
				IPHONEOS_DEPLOYMENT_TARGET = 14.4;
				LD_RUNPATH_SEARCH_PATHS = (
					"$(inherited)",
					"@executable_path/Frameworks",
					"@loader_path/Frameworks",
				);
				PRODUCT_BUNDLE_IDENTIFIER = "surya.AppStore-DTests";
				PRODUCT_NAME = "$(TARGET_NAME)";
				SWIFT_VERSION = 5.0;
				TARGETED_DEVICE_FAMILY = "1,2";
				TEST_HOST = "$(BUILT_PRODUCTS_DIR)/AppStore-D.app/AppStore-D";
			};
			name = Debug;
		};
		D82EA4EA2675E47F00B4EFE7 /* Release */ = {
			isa = XCBuildConfiguration;
			buildSettings = {
				ALWAYS_EMBED_SWIFT_STANDARD_LIBRARIES = YES;
				BUNDLE_LOADER = "$(TEST_HOST)";
				CODE_SIGN_STYLE = Automatic;
				DEVELOPMENT_TEAM = F4U93B78D3;
				INFOPLIST_FILE = "AppStore-DTests/Info.plist";
				IPHONEOS_DEPLOYMENT_TARGET = 14.4;
				LD_RUNPATH_SEARCH_PATHS = (
					"$(inherited)",
					"@executable_path/Frameworks",
					"@loader_path/Frameworks",
				);
				PRODUCT_BUNDLE_IDENTIFIER = "surya.AppStore-DTests";
				PRODUCT_NAME = "$(TARGET_NAME)";
				SWIFT_VERSION = 5.0;
				TARGETED_DEVICE_FAMILY = "1,2";
				TEST_HOST = "$(BUILT_PRODUCTS_DIR)/AppStore-D.app/AppStore-D";
			};
			name = Release;
		};
		D82EA4EC2675E47F00B4EFE7 /* Debug */ = {
			isa = XCBuildConfiguration;
			buildSettings = {
				ALWAYS_EMBED_SWIFT_STANDARD_LIBRARIES = YES;
				CODE_SIGN_STYLE = Automatic;
				DEVELOPMENT_TEAM = F4U93B78D3;
				INFOPLIST_FILE = "AppStore-DUITests/Info.plist";
				LD_RUNPATH_SEARCH_PATHS = (
					"$(inherited)",
					"@executable_path/Frameworks",
					"@loader_path/Frameworks",
				);
				PRODUCT_BUNDLE_IDENTIFIER = "surya.AppStore-DUITests";
				PRODUCT_NAME = "$(TARGET_NAME)";
				SWIFT_VERSION = 5.0;
				TARGETED_DEVICE_FAMILY = "1,2";
				TEST_TARGET_NAME = "AppStore-D";
			};
			name = Debug;
		};
		D82EA4ED2675E47F00B4EFE7 /* Release */ = {
			isa = XCBuildConfiguration;
			buildSettings = {
				ALWAYS_EMBED_SWIFT_STANDARD_LIBRARIES = YES;
				CODE_SIGN_STYLE = Automatic;
				DEVELOPMENT_TEAM = F4U93B78D3;
				INFOPLIST_FILE = "AppStore-DUITests/Info.plist";
				LD_RUNPATH_SEARCH_PATHS = (
					"$(inherited)",
					"@executable_path/Frameworks",
					"@loader_path/Frameworks",
				);
				PRODUCT_BUNDLE_IDENTIFIER = "surya.AppStore-DUITests";
				PRODUCT_NAME = "$(TARGET_NAME)";
				SWIFT_VERSION = 5.0;
				TARGETED_DEVICE_FAMILY = "1,2";
				TEST_TARGET_NAME = "AppStore-D";
			};
			name = Release;
		};
/* End XCBuildConfiguration section */

/* Begin XCConfigurationList section */
		D82EA4B62675E47E00B4EFE7 /* Build configuration list for PBXProject "AppStore-D" */ = {
			isa = XCConfigurationList;
			buildConfigurations = (
				D82EA4E32675E47F00B4EFE7 /* Debug */,
				D82EA4E42675E47F00B4EFE7 /* Release */,
			);
			defaultConfigurationIsVisible = 0;
			defaultConfigurationName = Release;
		};
		D82EA4E52675E47F00B4EFE7 /* Build configuration list for PBXNativeTarget "AppStore-D" */ = {
			isa = XCConfigurationList;
			buildConfigurations = (
				D82EA4E62675E47F00B4EFE7 /* Debug */,
				D82EA4E72675E47F00B4EFE7 /* Release */,
			);
			defaultConfigurationIsVisible = 0;
			defaultConfigurationName = Release;
		};
		D82EA4E82675E47F00B4EFE7 /* Build configuration list for PBXNativeTarget "AppStore-DTests" */ = {
			isa = XCConfigurationList;
			buildConfigurations = (
				D82EA4E92675E47F00B4EFE7 /* Debug */,
				D82EA4EA2675E47F00B4EFE7 /* Release */,
			);
			defaultConfigurationIsVisible = 0;
			defaultConfigurationName = Release;
		};
		D82EA4EB2675E47F00B4EFE7 /* Build configuration list for PBXNativeTarget "AppStore-DUITests" */ = {
			isa = XCConfigurationList;
			buildConfigurations = (
				D82EA4EC2675E47F00B4EFE7 /* Debug */,
				D82EA4ED2675E47F00B4EFE7 /* Release */,
			);
			defaultConfigurationIsVisible = 0;
			defaultConfigurationName = Release;
		};
/* End XCConfigurationList section */
	};
	rootObject = D82EA4B32675E47E00B4EFE7 /* Project object */;
}
